{
  "name": "@lmstudios/entity",
  "version": "0.0.2",
  "lockfileVersion": 1,
  "requires": true,
  "dependencies": {
    "@lmstudios/reflection": {
      "version": "file:../reflection",
      "dependencies": {
        "@types/node": {
          "version": "10.11.0",
          "bundled": true
        },
        "typescript": {
          "version": "3.0.3",
          "bundled": true
        }
      }
    },
    "@lmstudios/utilities": {
      "version": "file:../utilities"
    },
    "typescript": {
      "version": "3.0.3",
      "resolved": "https://registry.npmjs.org/typescript/-/typescript-3.0.3.tgz",
      "integrity": "sha512-kk80vLW9iGtjMnIv11qyxLqZm20UklzuR2tL0QAnDIygIUIemcZMxlMWudl9OOt76H3ntVzcTiddQ1/pAAJMYg==",
      "dev": true
    }
  }
}
